
Microsoft Visual Studio Solution File, Format Version 12.00
# Visual Studio 15
VisualStudioVersion = 15.0.27130.2036
MinimumVisualStudioVersion = 10.0.40219.1
Project("{FAE04EC0-301F-11D3-BF4B-00C04F79EFBC}") = "Payroll", "Payroll\Payroll.csproj", "{0A82DE8E-70D1-4245-8EAF-A79DE40F1DB8}"
EndProject
Global
	GlobalSection(SolutionConfigurationPlatforms) = preSolution
		Debug|Any CPU = Debug|Any CPU
		Release|Any CPU = Release|Any CPU
	EndGlobalSection
	GlobalSection(ProjectConfigurationPlatforms) = postSolution
		{0A82DE8E-70D1-4245-8EAF-A79DE40F1DB8}.Debug|Any CPU.ActiveCfg = Debug|Any CPU
		{0A82DE8E-70D1-4245-8EAF-A79DE40F1DB8}.Debug|Any CPU.Build.0 = Debug|Any CPU
		{0A82DE8E-70D1-4245-8EAF-A79DE40F1DB8}.Release|Any CPU.ActiveCfg = Release|Any CPU
		{0A82DE8E-70D1-4245-8EAF-A79DE40F1DB8}.Release|Any CPU.Build.0 = Release|Any CPU
	EndGlobalSection
	GlobalSection(SolutionProperties) = preSolution
		HideSolutionNode = FALSE
	EndGlobalSection
	GlobalSection(ExtensibilityGlobals) = postSolution
		SolutionGuid = {624F0392-64CF-48C3-ADA1-8D8CDBABB759}
	EndGlobalSection
EndGlobal
